
Microsoft Visual Studio Solution File, Format Version 12.00
# Visual Studio 15
Project("{FAE04EC0-301F-11D3-BF4B-00C04F79EFBC}") = "Assembly-CSharp", "Assembly-CSharp.csproj", "{B15618B3-6946-206A-4F72-30A9D851C5DF}"
EndProject
Project("{FAE04EC0-301F-11D3-BF4B-00C04F79EFBC}") = "Mirror", "Mirror.csproj", "{1B718016-52C0-2AC3-9574-8623902E3027}"
EndProject
Project("{FAE04EC0-301F-11D3-BF4B-00C04F79EFBC}") = "SimpleWebTransport", "SimpleWebTransport.csproj", "{8A33978B-F6C3-F0A6-E32B-3ADAF51E420C}"
EndProject
Project("{FAE04EC0-301F-11D3-BF4B-00C04F79EFBC}") = "Mirror.Examples", "Mirror.Examples.csproj", "{78280F06-1C8D-8DFD-EFA8-90E3D31DCB53}"
EndProject
Project("{FAE04EC0-301F-11D3-BF4B-00C04F79EFBC}") = "Mirror.Components", "Mirror.Components.csproj", "{A304A915-5BEB-82D5-C219-85792FF6425C}"
EndProject
Project("{FAE04EC0-301F-11D3-BF4B-00C04F79EFBC}") = "Telepathy", "Telepathy.csproj", "{2B392D3B-D02A-7718-1859-14918D2D5B2B}"
EndProject
Project("{FAE04EC0-301F-11D3-BF4B-00C04F79EFBC}") = "Mirror.Authenticators", "Mirror.Authenticators.csproj", "{609E7E2B-15D5-EC41-FD77-FBA5471C3F6D}"
EndProject
Project("{FAE04EC0-301F-11D3-BF4B-00C04F79EFBC}") = "Mirror.Examples.Cloud.GUI", "Mirror.Examples.Cloud.GUI.csproj", "{5AF37E56-99AD-A4CE-72E0-1F3295EE5C27}"
EndProject
Project("{FAE04EC0-301F-11D3-BF4B-00C04F79EFBC}") = "Mirror.Cloud", "Mirror.Cloud.csproj", "{849C7E1C-76BF-1202-F9C5-09A80BB24303}"
EndProject
Project("{FAE04EC0-301F-11D3-BF4B-00C04F79EFBC}") = "Mirror.Examples.Cloud.Pong", "Mirror.Examples.Cloud.Pong.csproj", "{FA44155D-7835-E335-2B1A-559C0E21814D}"
EndProject
Project("{FAE04EC0-301F-11D3-BF4B-00C04F79EFBC}") = "Mirror.example.RigidbodyPhysics", "Mirror.example.RigidbodyPhysics.csproj", "{4BCC4BE1-3A2C-6AA5-654C-712B43D20E39}"
EndProject
Project("{FAE04EC0-301F-11D3-BF4B-00C04F79EFBC}") = "Mirror.Weaver", "Mirror.Weaver.csproj", "{24205927-F19D-7571-DC07-CB7C507C0CB7}"
EndProject
Project("{FAE04EC0-301F-11D3-BF4B-00C04F79EFBC}") = "Mirror.Editor", "Mirror.Editor.csproj", "{5EC3C038-8869-27CD-D2CA-F7FE35AC8CF3}"
EndProject
Project("{FAE04EC0-301F-11D3-BF4B-00C04F79EFBC}") = "Mirror.CompilerSymbols", "Mirror.CompilerSymbols.csproj", "{EEE561AF-CC9F-5C20-42D7-2B24FEB440B7}"
EndProject
Project("{FAE04EC0-301F-11D3-BF4B-00C04F79EFBC}") = "Assembly-CSharp-Editor", "Assembly-CSharp-Editor.csproj", "{85273AFE-F0A8-6A67-0303-8E1463EE20EF}"
EndProject
Global
	GlobalSection(SolutionConfigurationPlatforms) = preSolution
		Debug|Any CPU = Debug|Any CPU
		Release|Any CPU = Release|Any CPU
	EndGlobalSection
	GlobalSection(ProjectConfigurationPlatforms) = postSolution
		{B15618B3-6946-206A-4F72-30A9D851C5DF}.Debug|Any CPU.ActiveCfg = Debug|Any CPU
		{B15618B3-6946-206A-4F72-30A9D851C5DF}.Debug|Any CPU.Build.0 = Debug|Any CPU
		{B15618B3-6946-206A-4F72-30A9D851C5DF}.Release|Any CPU.ActiveCfg = Release|Any CPU
		{B15618B3-6946-206A-4F72-30A9D851C5DF}.Release|Any CPU.Build.0 = Release|Any CPU
		{1B718016-52C0-2AC3-9574-8623902E3027}.Debug|Any CPU.ActiveCfg = Debug|Any CPU
		{1B718016-52C0-2AC3-9574-8623902E3027}.Debug|Any CPU.Build.0 = Debug|Any CPU
		{1B718016-52C0-2AC3-9574-8623902E3027}.Release|Any CPU.ActiveCfg = Release|Any CPU
		{1B718016-52C0-2AC3-9574-8623902E3027}.Release|Any CPU.Build.0 = Release|Any CPU
		{8A33978B-F6C3-F0A6-E32B-3ADAF51E420C}.Debug|Any CPU.ActiveCfg = Debug|Any CPU
		{8A33978B-F6C3-F0A6-E32B-3ADAF51E420C}.Debug|Any CPU.Build.0 = Debug|Any CPU
		{8A33978B-F6C3-F0A6-E32B-3ADAF51E420C}.Release|Any CPU.ActiveCfg = Release|Any CPU
		{8A33978B-F6C3-F0A6-E32B-3ADAF51E420C}.Release|Any CPU.Build.0 = Release|Any CPU
		{78280F06-1C8D-8DFD-EFA8-90E3D31DCB53}.Debug|Any CPU.ActiveCfg = Debug|Any CPU
		{78280F06-1C8D-8DFD-EFA8-90E3D31DCB53}.Debug|Any CPU.Build.0 = Debug|Any CPU
		{78280F06-1C8D-8DFD-EFA8-90E3D31DCB53}.Release|Any CPU.ActiveCfg = Release|Any CPU
		{78280F06-1C8D-8DFD-EFA8-90E3D31DCB53}.Release|Any CPU.Build.0 = Release|Any CPU
		{A304A915-5BEB-82D5-C219-85792FF6425C}.Debug|Any CPU.ActiveCfg = Debug|Any CPU
		{A304A915-5BEB-82D5-C219-85792FF6425C}.Debug|Any CPU.Build.0 = Debug|Any CPU
		{A304A915-5BEB-82D5-C219-85792FF6425C}.Release|Any CPU.ActiveCfg = Release|Any CPU
		{A304A915-5BEB-82D5-C219-85792FF6425C}.Release|Any CPU.Build.0 = Release|Any CPU
		{2B392D3B-D02A-7718-1859-14918D2D5B2B}.Debug|Any CPU.ActiveCfg = Debug|Any CPU
		{2B392D3B-D02A-7718-1859-14918D2D5B2B}.Debug|Any CPU.Build.0 = Debug|Any CPU
		{2B392D3B-D02A-7718-1859-14918D2D5B2B}.Release|Any CPU.ActiveCfg = Release|Any CPU
		{2B392D3B-D02A-7718-1859-14918D2D5B2B}.Release|Any CPU.Build.0 = Release|Any CPU
		{609E7E2B-15D5-EC41-FD77-FBA5471C3F6D}.Debug|Any CPU.ActiveCfg = Debug|Any CPU
		{609E7E2B-15D5-EC41-FD77-FBA5471C3F6D}.Debug|Any CPU.Build.0 = Debug|Any CPU
		{609E7E2B-15D5-EC41-FD77-FBA5471C3F6D}.Release|Any CPU.ActiveCfg = Release|Any CPU
		{609E7E2B-15D5-EC41-FD77-FBA5471C3F6D}.Release|Any CPU.Build.0 = Release|Any CPU
		{5AF37E56-99AD-A4CE-72E0-1F3295EE5C27}.Debug|Any CPU.ActiveCfg = Debug|Any CPU
		{5AF37E56-99AD-A4CE-72E0-1F3295EE5C27}.Debug|Any CPU.Build.0 = Debug|Any CPU
		{5AF37E56-99AD-A4CE-72E0-1F3295EE5C27}.Release|Any CPU.ActiveCfg = Release|Any CPU
		{5AF37E56-99AD-A4CE-72E0-1F3295EE5C27}.Release|Any CPU.Build.0 = Release|Any CPU
		{849C7E1C-76BF-1202-F9C5-09A80BB24303}.Debug|Any CPU.ActiveCfg = Debug|Any CPU
		{849C7E1C-76BF-1202-F9C5-09A80BB24303}.Debug|Any CPU.Build.0 = Debug|Any CPU
		{849C7E1C-76BF-1202-F9C5-09A80BB24303}.Release|Any CPU.ActiveCfg = Release|Any CPU
		{849C7E1C-76BF-1202-F9C5-09A80BB24303}.Release|Any CPU.Build.0 = Release|Any CPU
		{FA44155D-7835-E335-2B1A-559C0E21814D}.Debug|Any CPU.ActiveCfg = Debug|Any CPU
		{FA44155D-7835-E335-2B1A-559C0E21814D}.Debug|Any CPU.Build.0 = Debug|Any CPU
		{FA44155D-7835-E335-2B1A-559C0E21814D}.Release|Any CPU.ActiveCfg = Release|Any CPU
		{FA44155D-7835-E335-2B1A-559C0E21814D}.Release|Any CPU.Build.0 = Release|Any CPU
		{4BCC4BE1-3A2C-6AA5-654C-712B43D20E39}.Debug|Any CPU.ActiveCfg = Debug|Any CPU
		{4BCC4BE1-3A2C-6AA5-654C-712B43D20E39}.Debug|Any CPU.Build.0 = Debug|Any CPU
		{4BCC4BE1-3A2C-6AA5-654C-712B43D20E39}.Release|Any CPU.ActiveCfg = Release|Any CPU
		{4BCC4BE1-3A2C-6AA5-654C-712B43D20E39}.Release|Any CPU.Build.0 = Release|Any CPU
		{24205927-F19D-7571-DC07-CB7C507C0CB7}.Debug|Any CPU.ActiveCfg = Debug|Any CPU
		{24205927-F19D-7571-DC07-CB7C507C0CB7}.Debug|Any CPU.Build.0 = Debug|Any CPU
		{24205927-F19D-7571-DC07-CB7C507C0CB7}.Release|Any CPU.ActiveCfg = Release|Any CPU
		{24205927-F19D-7571-DC07-CB7C507C0CB7}.Release|Any CPU.Build.0 = Release|Any CPU
		{5EC3C038-8869-27CD-D2CA-F7FE35AC8CF3}.Debug|Any CPU.ActiveCfg = Debug|Any CPU
		{5EC3C038-8869-27CD-D2CA-F7FE35AC8CF3}.Debug|Any CPU.Build.0 = Debug|Any CPU
		{5EC3C038-8869-27CD-D2CA-F7FE35AC8CF3}.Release|Any CPU.ActiveCfg = Release|Any CPU
		{5EC3C038-8869-27CD-D2CA-F7FE35AC8CF3}.Release|Any CPU.Build.0 = Release|Any CPU
		{EEE561AF-CC9F-5C20-42D7-2B24FEB440B7}.Debug|Any CPU.ActiveCfg = Debug|Any CPU
		{EEE561AF-CC9F-5C20-42D7-2B24FEB440B7}.Debug|Any CPU.Build.0 = Debug|Any CPU
		{EEE561AF-CC9F-5C20-42D7-2B24FEB440B7}.Release|Any CPU.ActiveCfg = Release|Any CPU
		{EEE561AF-CC9F-5C20-42D7-2B24FEB440B7}.Release|Any CPU.Build.0 = Release|Any CPU
		{85273AFE-F0A8-6A67-0303-8E1463EE20EF}.Debug|Any CPU.ActiveCfg = Debug|Any CPU
		{85273AFE-F0A8-6A67-0303-8E1463EE20EF}.Debug|Any CPU.Build.0 = Debug|Any CPU
		{85273AFE-F0A8-6A67-0303-8E1463EE20EF}.Release|Any CPU.ActiveCfg = Release|Any CPU
		{85273AFE-F0A8-6A67-0303-8E1463EE20EF}.Release|Any CPU.Build.0 = Release|Any CPU
	EndGlobalSection
	GlobalSection(SolutionProperties) = preSolution
		HideSolutionNode = FALSE
	EndGlobalSection
EndGlobal
